
Microsoft Visual Studio Solution File, Format Version 12.00
# Visual Studio Version 16
VisualStudioVersion = 16.0.30621.155
MinimumVisualStudioVersion = 10.0.40219.1
Project("{FAE04EC0-301F-11D3-BF4B-00C04F79EFBC}") = "ChessExersice", "ChessExersice\ChessExersice.csproj", "{C5AD3525-6C46-41AA-947C-D57FFCCCABE8}"
EndProject
Global
	GlobalSection(SolutionConfigurationPlatforms) = preSolution
		Debug|Any CPU = Debug|Any CPU
		Release|Any CPU = Release|Any CPU
	EndGlobalSection
	GlobalSection(ProjectConfigurationPlatforms) = postSolution
		{C5AD3525-6C46-41AA-947C-D57FFCCCABE8}.Debug|Any CPU.ActiveCfg = Debug|Any CPU
		{C5AD3525-6C46-41AA-947C-D57FFCCCABE8}.Debug|Any CPU.Build.0 = Debug|Any CPU
		{C5AD3525-6C46-41AA-947C-D57FFCCCABE8}.Release|Any CPU.ActiveCfg = Release|Any CPU
		{C5AD3525-6C46-41AA-947C-D57FFCCCABE8}.Release|Any CPU.Build.0 = Release|Any CPU
	EndGlobalSection
	GlobalSection(SolutionProperties) = preSolution
		HideSolutionNode = FALSE
	EndGlobalSection
	GlobalSection(ExtensibilityGlobals) = postSolution
		SolutionGuid = {6B27482B-1F5B-4CF5-9C1F-3C326843A3A1}
	EndGlobalSection
EndGlobal
